
Microsoft Visual Studio Solution File, Format Version 12.00
# Visual Studio Version 16
VisualStudioVersion = 16.0.35706.149
MinimumVisualStudioVersion = 10.0.40219.1
Project("{8BC9CEB8-8B4A-11D0-8D11-00A0C91BC942}") = "Tests", "Tests\Tests.vcxproj", "{568C76EA-8E09-4B51-9BFE-E91E5C10F7FC}"
EndProject
Project("{8BC9CEB8-8B4A-11D0-8D11-00A0C91BC942}") = "Primes", "Primes\Primes.vcxproj", "{5069DEEE-9181-4E66-B99A-717FA628BF6A}"
EndProject
Global
	GlobalSection(SolutionConfigurationPlatforms) = preSolution
		Debug|x64 = Debug|x64
		Debug|x86 = Debug|x86
		Release|x64 = Release|x64
		Release|x86 = Release|x86
	EndGlobalSection
	GlobalSection(ProjectConfigurationPlatforms) = postSolution
		{568C76EA-8E09-4B51-9BFE-E91E5C10F7FC}.Debug|x64.ActiveCfg = Debug|x64
		{568C76EA-8E09-4B51-9BFE-E91E5C10F7FC}.Debug|x64.Build.0 = Debug|x64
		{568C76EA-8E09-4B51-9BFE-E91E5C10F7FC}.Debug|x86.ActiveCfg = Debug|Win32
		{568C76EA-8E09-4B51-9BFE-E91E5C10F7FC}.Debug|x86.Build.0 = Debug|Win32
		{568C76EA-8E09-4B51-9BFE-E91E5C10F7FC}.Release|x64.ActiveCfg = Release|x64
		{568C76EA-8E09-4B51-9BFE-E91E5C10F7FC}.Release|x64.Build.0 = Release|x64
		{568C76EA-8E09-4B51-9BFE-E91E5C10F7FC}.Release|x86.ActiveCfg = Release|Win32
		{568C76EA-8E09-4B51-9BFE-E91E5C10F7FC}.Release|x86.Build.0 = Release|Win32
		{5069DEEE-9181-4E66-B99A-717FA628BF6A}.Debug|x64.ActiveCfg = Debug|x64
		{5069DEEE-9181-4E66-B99A-717FA628BF6A}.Debug|x64.Build.0 = Debug|x64
		{5069DEEE-9181-4E66-B99A-717FA628BF6A}.Debug|x86.ActiveCfg = Debug|Win32
		{5069DEEE-9181-4E66-B99A-717FA628BF6A}.Debug|x86.Build.0 = Debug|Win32
		{5069DEEE-9181-4E66-B99A-717FA628BF6A}.Release|x64.ActiveCfg = Release|x64
		{5069DEEE-9181-4E66-B99A-717FA628BF6A}.Release|x64.Build.0 = Release|x64
		{5069DEEE-9181-4E66-B99A-717FA628BF6A}.Release|x86.ActiveCfg = Release|Win32
		{5069DEEE-9181-4E66-B99A-717FA628BF6A}.Release|x86.Build.0 = Release|Win32
	EndGlobalSection
	GlobalSection(SolutionProperties) = preSolution
		HideSolutionNode = FALSE
	EndGlobalSection
	GlobalSection(ExtensibilityGlobals) = postSolution
		SolutionGuid = {411A20A8-1A99-4ADB-A226-A6825E4652CC}
	EndGlobalSection
EndGlobal
