<?xml version="1.0" encoding="utf-8"?>
<Project ToolsVersion="4.0" xmlns="http://schemas.microsoft.com/developer/msbuild/2003">
  <ItemGroup>
    <Filter Include="Исходные файлы">
      <UniqueIdentifier>{4FC737F1-C7A5-4376-A066-2A32D752A2FF}</UniqueIdentifier>
      <Extensions>cpp;c;cc;cxx;c++;cppm;ixx;def;odl;idl;hpj;bat;asm;asmx</Extensions>
    </Filter>
    <Filter Include="Файлы заголовков">
      <UniqueIdentifier>{93995380-89BD-4b04-88EB-625FBE52EBFB}</UniqueIdentifier>
      <Extensions>h;hh;hpp;hxx;h++;hm;inl;inc;ipp;xsd</Extensions>
    </Filter>
    <Filter Include="Файлы ресурсов">
      <UniqueIdentifier>{67DA6AB6-F800-4c08-8B7A-83BB121AAD01}</UniqueIdentifier>
      <Extensions>rc;ico;cur;bmp;dlg;rc2;rct;bin;rgs;gif;jpg;jpeg;jpe;resx;tiff;tif;png;wav;mfcribbon-ms</Extensions>
    </Filter>
    <Filter Include="test_data">
      <UniqueIdentifier>{2b8a2b3e-4b67-454f-b7b1-11956f698f2a}</UniqueIdentifier>
    </Filter>
  </ItemGroup>
  <ItemGroup>
    <ClCompile Include="Invert.cpp">
      <Filter>Исходные файлы</Filter>
    </ClCompile>
  </ItemGroup>
  <ItemGroup>
    <None Include="Tests.bat">
      <Filter>Исходные файлы</Filter>
    </None>
  </ItemGroup>
  <ItemGroup>
    <Text Include="input.txt" />
    <Text Include="input1.txt">
      <Filter>test_data</Filter>
    </Text>
    <Text Include="input2.txt">
      <Filter>test_data</Filter>
    </Text>
    <Text Include="input3.txt">
      <Filter>test_data</Filter>
    </Text>
    <Text Include="input4.txt">
      <Filter>test_data</Filter>
    </Text>
    <Text Include="input5.txt">
      <Filter>test_data</Filter>
    </Text>
    <Text Include="input6.txt">
      <Filter>test_data</Filter>
    </Text>
    <Text Include="input7.txt">
      <Filter>test_data</Filter>
    </Text>
    <Text Include="input8.txt">
      <Filter>test_data</Filter>
    </Text>
    <Text Include="input9.txt">
      <Filter>test_data</Filter>
    </Text>
    <Text Include="input10.txt">
      <Filter>test_data</Filter>
    </Text>
    <Text Include="input11.txt">
      <Filter>test_data</Filter>
    </Text>
    <Text Include="input12.txt">
      <Filter>test_data</Filter>
    </Text>
    <Text Include="input13.txt">
      <Filter>test_data</Filter>
    </Text>
    <Text Include="input14.txt">
      <Filter>test_data</Filter>
    </Text>
    <Text Include="input15.txt">
      <Filter>test_data</Filter>
    </Text>
    <Text Include="input16.txt">
      <Filter>test_data</Filter>
    </Text>
    <Text Include="output1.txt">
      <Filter>test_data</Filter>
    </Text>
    <Text Include="output2.txt">
      <Filter>test_data</Filter>
    </Text>
    <Text Include="output3.txt">
      <Filter>test_data</Filter>
    </Text>
    <Text Include="output4.txt">
      <Filter>test_data</Filter>
    </Text>
    <Text Include="output5.txt">
      <Filter>test_data</Filter>
    </Text>
    <Text Include="output6.txt">
      <Filter>test_data</Filter>
    </Text>
    <Text Include="output7.txt">
      <Filter>test_data</Filter>
    </Text>
    <Text Include="output8.txt">
      <Filter>test_data</Filter>
    </Text>
    <Text Include="output9.txt">
      <Filter>test_data</Filter>
    </Text>
    <Text Include="output15.txt">
      <Filter>test_data</Filter>
    </Text>
    <Text Include="output14.txt">
      <Filter>test_data</Filter>
    </Text>
    <Text Include="output12.txt">
      <Filter>test_data</Filter>
    </Text>
    <Text Include="output13.txt">
      <Filter>test_data</Filter>
    </Text>
    <Text Include="output11.txt">
      <Filter>test_data</Filter>
    </Text>
    <Text Include="output10.txt">
      <Filter>test_data</Filter>
    </Text>
    <Text Include="output16.txt">
      <Filter>test_data</Filter>
    </Text>
    <Text Include="input17.txt">
      <Filter>test_data</Filter>
    </Text>
    <Text Include="output17.txt">
      <Filter>test_data</Filter>
    </Text>
    <Text Include="input18.txt">
      <Filter>test_data</Filter>
    </Text>
    <Text Include="input19.txt">
      <Filter>test_data</Filter>
    </Text>
    <Text Include="output18.txt">
      <Filter>test_data</Filter>
    </Text>
    <Text Include="input22.txt">
      <Filter>test_data</Filter>
    </Text>
    <Text Include="input20.txt">
      <Filter>test_data</Filter>
    </Text>
    <Text Include="input23.txt">
      <Filter>test_data</Filter>
    </Text>
    <Text Include="input21.txt">
      <Filter>test_data</Filter>
    </Text>
    <Text Include="output22.txt">
      <Filter>test_data</Filter>
    </Text>
    <Text Include="output23.txt">
      <Filter>test_data</Filter>
    </Text>
    <Text Include="output19.txt">
      <Filter>test_data</Filter>
    </Text>
    <Text Include="output20.txt">
      <Filter>test_data</Filter>
    </Text>
    <Text Include="output21.txt">
      <Filter>test_data</Filter>
    </Text>
  </ItemGroup>
</Project>