
Microsoft Visual Studio Solution File, Format Version 12.00
# Visual Studio Version 16
VisualStudioVersion = 16.0.35706.149
MinimumVisualStudioVersion = 10.0.40219.1
Project("{8BC9CEB8-8B4A-11D0-8D11-00A0C91BC942}") = "HttpUrl", "HttpUrl\HttpUrl.vcxproj", "{256A2888-E07E-4CFD-BC7C-6DF4277176CA}"
EndProject
Project("{8BC9CEB8-8B4A-11D0-8D11-00A0C91BC942}") = "Tests", "Tests\Tests.vcxproj", "{F245783B-3856-4E3C-83FB-B7F6F689278F}"
EndProject
Global
	GlobalSection(SolutionConfigurationPlatforms) = preSolution
		Debug|x64 = Debug|x64
		Debug|x86 = Debug|x86
		Release|x64 = Release|x64
		Release|x86 = Release|x86
	EndGlobalSection
	GlobalSection(ProjectConfigurationPlatforms) = postSolution
		{256A2888-E07E-4CFD-BC7C-6DF4277176CA}.Debug|x64.ActiveCfg = Debug|x64
		{256A2888-E07E-4CFD-BC7C-6DF4277176CA}.Debug|x64.Build.0 = Debug|x64
		{256A2888-E07E-4CFD-BC7C-6DF4277176CA}.Debug|x86.ActiveCfg = Debug|Win32
		{256A2888-E07E-4CFD-BC7C-6DF4277176CA}.Debug|x86.Build.0 = Debug|Win32
		{256A2888-E07E-4CFD-BC7C-6DF4277176CA}.Release|x64.ActiveCfg = Release|x64
		{256A2888-E07E-4CFD-BC7C-6DF4277176CA}.Release|x64.Build.0 = Release|x64
		{256A2888-E07E-4CFD-BC7C-6DF4277176CA}.Release|x86.ActiveCfg = Release|Win32
		{256A2888-E07E-4CFD-BC7C-6DF4277176CA}.Release|x86.Build.0 = Release|Win32
		{F245783B-3856-4E3C-83FB-B7F6F689278F}.Debug|x64.ActiveCfg = Debug|x64
		{F245783B-3856-4E3C-83FB-B7F6F689278F}.Debug|x64.Build.0 = Debug|x64
		{F245783B-3856-4E3C-83FB-B7F6F689278F}.Debug|x86.ActiveCfg = Debug|Win32
		{F245783B-3856-4E3C-83FB-B7F6F689278F}.Debug|x86.Build.0 = Debug|Win32
		{F245783B-3856-4E3C-83FB-B7F6F689278F}.Release|x64.ActiveCfg = Release|x64
		{F245783B-3856-4E3C-83FB-B7F6F689278F}.Release|x64.Build.0 = Release|x64
		{F245783B-3856-4E3C-83FB-B7F6F689278F}.Release|x86.ActiveCfg = Release|Win32
		{F245783B-3856-4E3C-83FB-B7F6F689278F}.Release|x86.Build.0 = Release|Win32
	EndGlobalSection
	GlobalSection(SolutionProperties) = preSolution
		HideSolutionNode = FALSE
	EndGlobalSection
	GlobalSection(ExtensibilityGlobals) = postSolution
		SolutionGuid = {30EA5811-6BDB-4328-8F8D-8D004AC9AB36}
	EndGlobalSection
EndGlobal
